
Microsoft Visual Studio Solution File, Format Version 12.00
# Visual Studio Version 16
VisualStudioVersion = 16.0.29102.190
MinimumVisualStudioVersion = 10.0.40219.1
Project("{9A19103F-16F7-4668-BE54-9A1E7A4F7556}") = "TDSTecnologia.Site.Web", "TDSTecnologia.Site.Web.csproj", "{E2DEEEBA-B6B5-4790-B812-C1026F900221}"
EndProject
Project("{2150E333-8FDC-42A3-9474-1A3956D46DE8}") = "src", "src", "{D212C1B2-45B0-4631-99DB-CE4B5CCD093F}"
EndProject
Project("{9A19103F-16F7-4668-BE54-9A1E7A4F7556}") = "TDSTecnologia.Site.Core", "..\TDSTecnologia.Site.Core\TDSTecnologia.Site.Core.csproj", "{0F565F5C-139E-4100-A03E-8A9502465F3D}"
EndProject
Project("{9A19103F-16F7-4668-BE54-9A1E7A4F7556}") = "TDSTecnologia.Site.Infrastructure", "..\TDSTecnologia.Site.Infrastructure\TDSTecnologia.Site.Infrastructure.csproj", "{833773CB-EFE5-4499-BA84-6DADA92786CA}"
EndProject
Global
	GlobalSection(SolutionConfigurationPlatforms) = preSolution
		Debug|Any CPU = Debug|Any CPU
		Release|Any CPU = Release|Any CPU
	EndGlobalSection
	GlobalSection(ProjectConfigurationPlatforms) = postSolution
		{E2DEEEBA-B6B5-4790-B812-C1026F900221}.Debug|Any CPU.ActiveCfg = Debug|Any CPU
		{E2DEEEBA-B6B5-4790-B812-C1026F900221}.Debug|Any CPU.Build.0 = Debug|Any CPU
		{E2DEEEBA-B6B5-4790-B812-C1026F900221}.Release|Any CPU.ActiveCfg = Release|Any CPU
		{E2DEEEBA-B6B5-4790-B812-C1026F900221}.Release|Any CPU.Build.0 = Release|Any CPU
		{0F565F5C-139E-4100-A03E-8A9502465F3D}.Debug|Any CPU.ActiveCfg = Debug|Any CPU
		{0F565F5C-139E-4100-A03E-8A9502465F3D}.Debug|Any CPU.Build.0 = Debug|Any CPU
		{0F565F5C-139E-4100-A03E-8A9502465F3D}.Release|Any CPU.ActiveCfg = Release|Any CPU
		{0F565F5C-139E-4100-A03E-8A9502465F3D}.Release|Any CPU.Build.0 = Release|Any CPU
		{833773CB-EFE5-4499-BA84-6DADA92786CA}.Debug|Any CPU.ActiveCfg = Debug|Any CPU
		{833773CB-EFE5-4499-BA84-6DADA92786CA}.Debug|Any CPU.Build.0 = Debug|Any CPU
		{833773CB-EFE5-4499-BA84-6DADA92786CA}.Release|Any CPU.ActiveCfg = Release|Any CPU
		{833773CB-EFE5-4499-BA84-6DADA92786CA}.Release|Any CPU.Build.0 = Release|Any CPU
	EndGlobalSection
	GlobalSection(SolutionProperties) = preSolution
		HideSolutionNode = FALSE
	EndGlobalSection
	GlobalSection(NestedProjects) = preSolution
		{E2DEEEBA-B6B5-4790-B812-C1026F900221} = {D212C1B2-45B0-4631-99DB-CE4B5CCD093F}
		{0F565F5C-139E-4100-A03E-8A9502465F3D} = {D212C1B2-45B0-4631-99DB-CE4B5CCD093F}
		{833773CB-EFE5-4499-BA84-6DADA92786CA} = {D212C1B2-45B0-4631-99DB-CE4B5CCD093F}
	EndGlobalSection
	GlobalSection(ExtensibilityGlobals) = postSolution
		SolutionGuid = {1CCCF66F-1661-466D-9EFA-538BCA346463}
	EndGlobalSection
EndGlobal
